
Microsoft Visual Studio Solution File, Format Version 12.00
# Visual Studio Version 17
VisualStudioVersion = 17.0.32014.148
MinimumVisualStudioVersion = 10.0.40219.1
Project("{FAE04EC0-301F-11D3-BF4B-00C04F79EFBC}") = "ConsoleApp1", "ConsoleApp1\ConsoleApp1.csproj", "{C957BE47-1DE7-4E06-9556-5A2437549D9D}"
EndProject
Global
	GlobalSection(SolutionConfigurationPlatforms) = preSolution
		Debug|Any CPU = Debug|Any CPU
		Release|Any CPU = Release|Any CPU
	EndGlobalSection
	GlobalSection(ProjectConfigurationPlatforms) = postSolution
		{C957BE47-1DE7-4E06-9556-5A2437549D9D}.Debug|Any CPU.ActiveCfg = Debug|Any CPU
		{C957BE47-1DE7-4E06-9556-5A2437549D9D}.Debug|Any CPU.Build.0 = Debug|Any CPU
		{C957BE47-1DE7-4E06-9556-5A2437549D9D}.Release|Any CPU.ActiveCfg = Release|Any CPU
		{C957BE47-1DE7-4E06-9556-5A2437549D9D}.Release|Any CPU.Build.0 = Release|Any CPU
	EndGlobalSection
	GlobalSection(SolutionProperties) = preSolution
		HideSolutionNode = FALSE
	EndGlobalSection
	GlobalSection(ExtensibilityGlobals) = postSolution
		SolutionGuid = {E2162257-B728-4FF6-8FDA-A1260F5B796A}
	EndGlobalSection
EndGlobal
